// !$*UTF8*$!
{
	archiveVersion = 1;
	classes = {
	};
	objectVersion = 46;
	objects = {

/* Begin PBXBuildFile section */
		0F02E00318D28C3B00F22645 /* GameCenter.m in Sources */ = {isa = PBXBuildFile; fileRef = 0F02E00218D28C3B00F22645 /* GameCenter.m */; };
		0F0BEA5018A43A4C00C672FE /* GameLogic.m in Sources */ = {isa = PBXBuildFile; fileRef = 0F0BEA4F18A43A4C00C672FE /* GameLogic.m */; };
		0F0BEA5E18A53A4500C672FE /* PathFinder.m in Sources */ = {isa = PBXBuildFile; fileRef = 0F0BEA5D18A53A4500C672FE /* PathFinder.m */; };
		0F0BEA6F18A9C8F900C672FE /* FMDatabase.m in Sources */ = {isa = PBXBuildFile; fileRef = 0F0BEA6618A9C8F900C672FE /* FMDatabase.m */; };
		0F0BEA7318A9C8F900C672FE /* FMResultSet.m in Sources */ = {isa = PBXBuildFile; fileRef = 0F0BEA6E18A9C8F900C672FE /* FMResultSet.m */; };
		0F0BEA7618A9C94700C672FE /* libsqlite3.dylib in Frameworks */ = {isa = PBXBuildFile; fileRef = 0F0BEA7518A9C94700C672FE /* libsqlite3.dylib */; };
		0F0BEA7918A9CB2400C672FE /* DataAccess.m in Sources */ = {isa = PBXBuildFile; fileRef = 0F0BEA7818A9CB2300C672FE /* DataAccess.m */; };
		0F16C02418BA8470005A6F8D /* sodokuDB.sqlite in Resources */ = {isa = PBXBuildFile; fileRef = 0F16C02318BA8470005A6F8D /* sodokuDB.sqlite */; };
		0F2548C418AE8B380085C295 /* LevelDetailItem.m in Sources */ = {isa = PBXBuildFile; fileRef = 0F2548C318AE8B380085C295 /* LevelDetailItem.m */; };
		0F2548C918AEAB5F0085C295 /* EpisodeScene.m in Sources */ = {isa = PBXBuildFile; fileRef = 0F2548C818AEAB5F0085C295 /* EpisodeScene.m */; };
		0F2548CF18AEB1120085C295 /* angrybirds-regular.ttf in Resources */ = {isa = PBXBuildFile; fileRef = 0F2548CE18AEB1120085C295 /* angrybirds-regular.ttf */; };
		0F2548D218AEB5030085C295 /* EpisodeItem.m in Sources */ = {isa = PBXBuildFile; fileRef = 0F2548D118AEB5030085C295 /* EpisodeItem.m */; };
		0F25F70D18AD408A00E83745 /* pause50.png in Resources */ = {isa = PBXBuildFile; fileRef = 0F25F70C18AD408A00E83745 /* pause50.png */; };
		0F25F71018AD411700E83745 /* MenuNode.m in Sources */ = {isa = PBXBuildFile; fileRef = 0F25F70F18AD411700E83745 /* MenuNode.m */; };
		0F25F71218AD6CED00E83745 /* menu.png in Resources */ = {isa = PBXBuildFile; fileRef = 0F25F71118AD6CED00E83745 /* menu.png */; };
		0F25F71818AD714000E83745 /* menu_btn50.png in Resources */ = {isa = PBXBuildFile; fileRef = 0F25F71318AD714000E83745 /* menu_btn50.png */; };
		0F25F71918AD714000E83745 /* next_btn50.png in Resources */ = {isa = PBXBuildFile; fileRef = 0F25F71418AD714000E83745 /* next_btn50.png */; };
		0F25F71A18AD714000E83745 /* radiooff_btn50.png in Resources */ = {isa = PBXBuildFile; fileRef = 0F25F71518AD714000E83745 /* radiooff_btn50.png */; };
		0F25F71B18AD714000E83745 /* radioon_btn50.png in Resources */ = {isa = PBXBuildFile; fileRef = 0F25F71618AD714000E83745 /* radioon_btn50.png */; };
		0F25F71C18AD714000E83745 /* restart_btn50.png in Resources */ = {isa = PBXBuildFile; fileRef = 0F25F71718AD714000E83745 /* restart_btn50.png */; };
		0F28079918AAC2EB00DB42CC /* screen.png in Resources */ = {isa = PBXBuildFile; fileRef = 0F28079818AAC2EB00DB42CC /* screen.png */; };
		0F28079F18AAC79500DB42CC /* block40.png in Resources */ = {isa = PBXBuildFile; fileRef = 0F28079E18AAC79500DB42CC /* block40.png */; };
		0F2807A318AACB5500DB42CC /* spot40.png in Resources */ = {isa = PBXBuildFile; fileRef = 0F2807A218AACB5500DB42CC /* spot40.png */; };
		0F2807A718AACC5100DB42CC /* box40.png in Resources */ = {isa = PBXBuildFile; fileRef = 0F2807A618AACC5100DB42CC /* box40.png */; };
		0F2807B618ABEFCF00DB42CC /* canMove40.png in Resources */ = {isa = PBXBuildFile; fileRef = 0F2807B418ABEFCF00DB42CC /* canMove40.png */; };
		0F2807B718ABEFCF00DB42CC /* cannotMove40.png in Resources */ = {isa = PBXBuildFile; fileRef = 0F2807B518ABEFCF00DB42CC /* cannotMove40.png */; };
		0F2807BA18AC7EC100DB42CC /* JSokoban-Info.plist in Resources */ = {isa = PBXBuildFile; fileRef = 0FA5F4A21897476E0073CF80 /* JSokoban-Info.plist */; };
		0F2807BC18AC805C00DB42CC /* App.plist in Resources */ = {isa = PBXBuildFile; fileRef = 0F2807BB18AC805C00DB42CC /* App.plist */; };
		0F2F608118AF303800172586 /* popup.png in Resources */ = {isa = PBXBuildFile; fileRef = 0F2F608018AF303800172586 /* popup.png */; };
		0F71116718B0327B00560658 /* help50.png in Resources */ = {isa = PBXBuildFile; fileRef = 0F71116618B0327B00560658 /* help50.png */; };
		0F71116F18B10EE700560658 /* back_btn50.png in Resources */ = {isa = PBXBuildFile; fileRef = 0F71116C18B10EE700560658 /* back_btn50.png */; };
		0F71117018B10EE700560658 /* bot40.png in Resources */ = {isa = PBXBuildFile; fileRef = 0F71116D18B10EE700560658 /* bot40.png */; };
		0F71117F18B14B3800560658 /* ingame.mp3 in Resources */ = {isa = PBXBuildFile; fileRef = 0F71117C18B14B3800560658 /* ingame.mp3 */; };
		0F71118018B14B3800560658 /* move.mp3 in Resources */ = {isa = PBXBuildFile; fileRef = 0F71117D18B14B3800560658 /* move.mp3 */; };
		0F71118118B14B3800560658 /* run.mp3 in Resources */ = {isa = PBXBuildFile; fileRef = 0F71117E18B14B3800560658 /* run.mp3 */; };
		0F71118318B14C2100560658 /* AudioToolbox.framework in Frameworks */ = {isa = PBXBuildFile; fileRef = 0F71118218B14C2100560658 /* AudioToolbox.framework */; };
		0F71118518B14C2900560658 /* AVFoundation.framework in Frameworks */ = {isa = PBXBuildFile; fileRef = 0F71118418B14C2900560658 /* AVFoundation.framework */; };
		0F71118818B14C6200560658 /* SoundController.m in Sources */ = {isa = PBXBuildFile; fileRef = 0F71118718B14C6200560658 /* SoundController.m */; };
		0F7112E218B2F2BA00560658 /* clap.mp3 in Resources */ = {isa = PBXBuildFile; fileRef = 0F7112E118B2F2BA00560658 /* clap.mp3 */; };
		0F7112E518B2F2E300560658 /* down50.png in Resources */ = {isa = PBXBuildFile; fileRef = 0F7112E318B2F2E300560658 /* down50.png */; };
		0F7112E618B2F2E300560658 /* up50.png in Resources */ = {isa = PBXBuildFile; fileRef = 0F7112E418B2F2E300560658 /* up50.png */; };
		0F7112EA18B2F80200560658 /* popup_instruction.png in Resources */ = {isa = PBXBuildFile; fileRef = 0F7112E918B2F80200560658 /* popup_instruction.png */; };
		0F7112EC18B42A5900560658 /* episodeScreen.png in Resources */ = {isa = PBXBuildFile; fileRef = 0F7112EB18B42A5900560658 /* episodeScreen.png */; };
		0F7112F418B42EE300560658 /* lock.png in Resources */ = {isa = PBXBuildFile; fileRef = 0F7112F318B42EE300560658 /* lock.png */; };
		0F71130618B53E9500560658 /* popup_adv_completed.png in Resources */ = {isa = PBXBuildFile; fileRef = 0F71130518B53E9500560658 /* popup_adv_completed.png */; };
		0F71130C18B565D200560658 /* wingame_screen.png in Resources */ = {isa = PBXBuildFile; fileRef = 0F71130B18B565D200560658 /* wingame_screen.png */; };
		0F71131E18B659B700560658 /* icon@57.png in Resources */ = {isa = PBXBuildFile; fileRef = 0F71131B18B659B700560658 /* icon@57.png */; };
		0F71131F18B659B700560658 /* icon@114.png in Resources */ = {isa = PBXBuildFile; fileRef = 0F71131C18B659B700560658 /* icon@114.png */; };
		0F71132018B659B700560658 /* icon@120.png in Resources */ = {isa = PBXBuildFile; fileRef = 0F71131D18B659B700560658 /* icon@120.png */; };
		0F71132418B65A5F00560658 /* icon@29.png in Resources */ = {isa = PBXBuildFile; fileRef = 0F71132118B65A5F00560658 /* icon@29.png */; };
		0F71132518B65A5F00560658 /* icon@58.png in Resources */ = {isa = PBXBuildFile; fileRef = 0F71132218B65A5F00560658 /* icon@58.png */; };
		0F71132618B65A5F00560658 /* icon@80.png in Resources */ = {isa = PBXBuildFile; fileRef = 0F71132318B65A5F00560658 /* icon@80.png */; };
		0F71132818B65E0000560658 /* SplashScreen.png in Resources */ = {isa = PBXBuildFile; fileRef = 0F71132718B65E0000560658 /* SplashScreen.png */; };
		0FA5F4991897476E0073CF80 /* Foundation.framework in Frameworks */ = {isa = PBXBuildFile; fileRef = 0FA5F4981897476E0073CF80 /* Foundation.framework */; };
		0FA5F49B1897476E0073CF80 /* CoreGraphics.framework in Frameworks */ = {isa = PBXBuildFile; fileRef = 0FA5F49A1897476E0073CF80 /* CoreGraphics.framework */; };
		0FA5F49D1897476E0073CF80 /* UIKit.framework in Frameworks */ = {isa = PBXBuildFile; fileRef = 0FA5F49C1897476E0073CF80 /* UIKit.framework */; };
		0FA5F49F1897476E0073CF80 /* SpriteKit.framework in Frameworks */ = {isa = PBXBuildFile; fileRef = 0FA5F49E1897476E0073CF80 /* SpriteKit.framework */; };
		0FA5F4A51897476E0073CF80 /* InfoPlist.strings in Resources */ = {isa = PBXBuildFile; fileRef = 0FA5F4A31897476E0073CF80 /* InfoPlist.strings */; };
		0FA5F4A71897476E0073CF80 /* main.m in Sources */ = {isa = PBXBuildFile; fileRef = 0FA5F4A61897476E0073CF80 /* main.m */; };
		0FA5F4AB1897476E0073CF80 /* AppDelegate.m in Sources */ = {isa = PBXBuildFile; fileRef = 0FA5F4AA1897476E0073CF80 /* AppDelegate.m */; };
		0FA5F4AE1897476E0073CF80 /* Main.storyboard in Resources */ = {isa = PBXBuildFile; fileRef = 0FA5F4AC1897476E0073CF80 /* Main.storyboard */; };
		0FA5F4B11897476E0073CF80 /* ViewController.m in Sources */ = {isa = PBXBuildFile; fileRef = 0FA5F4B01897476E0073CF80 /* ViewController.m */; };
		0FA5F4B41897476E0073CF80 /* GameScene.m in Sources */ = {isa = PBXBuildFile; fileRef = 0FA5F4B31897476E0073CF80 /* GameScene.m */; };
		0FA5F4B81897476E0073CF80 /* Images.xcassets in Resources */ = {isa = PBXBuildFile; fileRef = 0FA5F4B71897476E0073CF80 /* Images.xcassets */; };
		0FA5F4BF1897476E0073CF80 /* XCTest.framework in Frameworks */ = {isa = PBXBuildFile; fileRef = 0FA5F4BE1897476E0073CF80 /* XCTest.framework */; };
		0FA5F4C01897476E0073CF80 /* Foundation.framework in Frameworks */ = {isa = PBXBuildFile; fileRef = 0FA5F4981897476E0073CF80 /* Foundation.framework */; };
		0FA5F4C11897476E0073CF80 /* UIKit.framework in Frameworks */ = {isa = PBXBuildFile; fileRef = 0FA5F49C1897476E0073CF80 /* UIKit.framework */; };
		0FA5F4C91897476E0073CF80 /* InfoPlist.strings in Resources */ = {isa = PBXBuildFile; fileRef = 0FA5F4C71897476E0073CF80 /* InfoPlist.strings */; };
		0FA5F4CB1897476E0073CF80 /* JSokobanTests.m in Sources */ = {isa = PBXBuildFile; fileRef = 0FA5F4CA1897476E0073CF80 /* JSokobanTests.m */; };
		0FC4481518C3AE7800615BFA /* EpisodeNode.m in Sources */ = {isa = PBXBuildFile; fileRef = 0FC4481418C3AE7800615BFA /* EpisodeNode.m */; };
		0FFE058518C04401005BA9CA /* FirstScene.m in Sources */ = {isa = PBXBuildFile; fileRef = 0FFE058418C04401005BA9CA /* FirstScene.m */; };
/* End PBXBuildFile section */

/* Begin PBXContainerItemProxy section */
		0FA5F4C21897476E0073CF80 /* PBXContainerItemProxy */ = {
			isa = PBXContainerItemProxy;
			containerPortal = 0FA5F48D1897476E0073CF80 /* Project object */;
			proxyType = 1;
			remoteGlobalIDString = 0FA5F4941897476E0073CF80;
			remoteInfo = JSokoban;
		};
/* End PBXContainerItemProxy section */

/* Begin PBXFileReference section */
		0F02E00118D28C3B00F22645 /* GameCenter.h */ = {isa = PBXFileReference; fileEncoding = 4; lastKnownFileType = sourcecode.c.h; path = GameCenter.h; sourceTree = "<group>"; };
		0F02E00218D28C3B00F22645 /* GameCenter.m */ = {isa = PBXFileReference; fileEncoding = 4; lastKnownFileType = sourcecode.c.objc; path = GameCenter.m; sourceTree = "<group>"; };
		0F0BEA4E18A43A4C00C672FE /* GameLogic.h */ = {isa = PBXFileReference; fileEncoding = 4; lastKnownFileType = sourcecode.c.h; path = GameLogic.h; sourceTree = "<group>"; };
		0F0BEA4F18A43A4C00C672FE /* GameLogic.m */ = {isa = PBXFileReference; fileEncoding = 4; lastKnownFileType = sourcecode.c.objc; path = GameLogic.m; sourceTree = "<group>"; };
		0F0BEA5C18A53A4500C672FE /* PathFinder.h */ = {isa = PBXFileReference; fileEncoding = 4; lastKnownFileType = sourcecode.c.h; path = PathFinder.h; sourceTree = "<group>"; };
		0F0BEA5D18A53A4500C672FE /* PathFinder.m */ = {isa = PBXFileReference; fileEncoding = 4; lastKnownFileType = sourcecode.c.objc; path = PathFinder.m; sourceTree = "<group>"; };
		0F0BEA6518A9C8F900C672FE /* FMDatabase.h */ = {isa = PBXFileReference; fileEncoding = 4; lastKnownFileType = sourcecode.c.h; path = FMDatabase.h; sourceTree = "<group>"; };
		0F0BEA6618A9C8F900C672FE /* FMDatabase.m */ = {isa = PBXFileReference; fileEncoding = 4; lastKnownFileType = sourcecode.c.objc; path = FMDatabase.m; sourceTree = "<group>"; };
		0F0BEA6D18A9C8F900C672FE /* FMResultSet.h */ = {isa = PBXFileReference; fileEncoding = 4; lastKnownFileType = sourcecode.c.h; path = FMResultSet.h; sourceTree = "<group>"; };
		0F0BEA6E18A9C8F900C672FE /* FMResultSet.m */ = {isa = PBXFileReference; fileEncoding = 4; lastKnownFileType = sourcecode.c.objc; path = FMResultSet.m; sourceTree = "<group>"; };
		0F0BEA7518A9C94700C672FE /* libsqlite3.dylib */ = {isa = PBXFileReference; lastKnownFileType = "compiled.mach-o.dylib"; name = libsqlite3.dylib; path = usr/lib/libsqlite3.dylib; sourceTree = SDKROOT; };
		0F0BEA7718A9CB2300C672FE /* DataAccess.h */ = {isa = PBXFileReference; fileEncoding = 4; lastKnownFileType = sourcecode.c.h; path = DataAccess.h; sourceTree = "<group>"; };
		0F0BEA7818A9CB2300C672FE /* DataAccess.m */ = {isa = PBXFileReference; fileEncoding = 4; lastKnownFileType = sourcecode.c.objc; path = DataAccess.m; sourceTree = "<group>"; };
		0F16C02318BA8470005A6F8D /* sodokuDB.sqlite */ = {isa = PBXFileReference; lastKnownFileType = file; path = sodokuDB.sqlite; sourceTree = "<group>"; };
		0F2548C218AE8B380085C295 /* LevelDetailItem.h */ = {isa = PBXFileReference; fileEncoding = 4; lastKnownFileType = sourcecode.c.h; path = LevelDetailItem.h; sourceTree = "<group>"; };
		0F2548C318AE8B380085C295 /* LevelDetailItem.m */ = {isa = PBXFileReference; fileEncoding = 4; lastKnownFileType = sourcecode.c.objc; path = LevelDetailItem.m; sourceTree = "<group>"; };
		0F2548C718AEAB5F0085C295 /* EpisodeScene.h */ = {isa = PBXFileReference; fileEncoding = 4; lastKnownFileType = sourcecode.c.h; path = EpisodeScene.h; sourceTree = "<group>"; };
		0F2548C818AEAB5F0085C295 /* EpisodeScene.m */ = {isa = PBXFileReference; fileEncoding = 4; lastKnownFileType = sourcecode.c.objc; path = EpisodeScene.m; sourceTree = "<group>"; };
		0F2548CE18AEB1120085C295 /* angrybirds-regular.ttf */ = {isa = PBXFileReference; lastKnownFileType = file; path = "angrybirds-regular.ttf"; sourceTree = "<group>"; };
		0F2548D018AEB5030085C295 /* EpisodeItem.h */ = {isa = PBXFileReference; fileEncoding = 4; lastKnownFileType = sourcecode.c.h; path = EpisodeItem.h; sourceTree = "<group>"; };
		0F2548D118AEB5030085C295 /* EpisodeItem.m */ = {isa = PBXFileReference; fileEncoding = 4; lastKnownFileType = sourcecode.c.objc; path = EpisodeItem.m; sourceTree = "<group>"; };
		0F25F70C18AD408A00E83745 /* pause50.png */ = {isa = PBXFileReference; lastKnownFileType = image.png; path = pause50.png; sourceTree = "<group>"; };
		0F25F70E18AD411700E83745 /* MenuNode.h */ = {isa = PBXFileReference; fileEncoding = 4; lastKnownFileType = sourcecode.c.h; path = MenuNode.h; sourceTree = "<group>"; };
		0F25F70F18AD411700E83745 /* MenuNode.m */ = {isa = PBXFileReference; fileEncoding = 4; lastKnownFileType = sourcecode.c.objc; path = MenuNode.m; sourceTree = "<group>"; };
		0F25F71118AD6CED00E83745 /* menu.png */ = {isa = PBXFileReference; lastKnownFileType = image.png; path = menu.png; sourceTree = "<group>"; };
		0F25F71318AD714000E83745 /* menu_btn50.png */ = {isa = PBXFileReference; lastKnownFileType = image.png; path = menu_btn50.png; sourceTree = "<group>"; };
		0F25F71418AD714000E83745 /* next_btn50.png */ = {isa = PBXFileReference; lastKnownFileType = image.png; path = next_btn50.png; sourceTree = "<group>"; };
		0F25F71518AD714000E83745 /* radiooff_btn50.png */ = {isa = PBXFileReference; lastKnownFileType = image.png; path = radiooff_btn50.png; sourceTree = "<group>"; };
		0F25F71618AD714000E83745 /* radioon_btn50.png */ = {isa = PBXFileReference; lastKnownFileType = image.png; path = radioon_btn50.png; sourceTree = "<group>"; };
		0F25F71718AD714000E83745 /* restart_btn50.png */ = {isa = PBXFileReference; lastKnownFileType = image.png; path = restart_btn50.png; sourceTree = "<group>"; };
		0F28079818AAC2EB00DB42CC /* screen.png */ = {isa = PBXFileReference; lastKnownFileType = image.png; path = screen.png; sourceTree = "<group>"; };
		0F28079E18AAC79500DB42CC /* block40.png */ = {isa = PBXFileReference; lastKnownFileType = image.png; path = block40.png; sourceTree = "<group>"; };
		0F2807A218AACB5500DB42CC /* spot40.png */ = {isa = PBXFileReference; lastKnownFileType = image.png; path = spot40.png; sourceTree = "<group>"; };
		0F2807A618AACC5100DB42CC /* box40.png */ = {isa = PBXFileReference; lastKnownFileType = image.png; path = box40.png; sourceTree = "<group>"; };
		0F2807B418ABEFCF00DB42CC /* canMove40.png */ = {isa = PBXFileReference; lastKnownFileType = image.png; path = canMove40.png; sourceTree = "<group>"; };
		0F2807B518ABEFCF00DB42CC /* cannotMove40.png */ = {isa = PBXFileReference; lastKnownFileType = image.png; path = cannotMove40.png; sourceTree = "<group>"; };
		0F2807BB18AC805C00DB42CC /* App.plist */ = {isa = PBXFileReference; fileEncoding = 4; lastKnownFileType = text.plist.xml; path = App.plist; sourceTree = "<group>"; };
		0F2F608018AF303800172586 /* popup.png */ = {isa = PBXFileReference; lastKnownFileType = image.png; path = popup.png; sourceTree = "<group>"; };
		0F71116618B0327B00560658 /* help50.png */ = {isa = PBXFileReference; lastKnownFileType = image.png; path = help50.png; sourceTree = "<group>"; };
		0F71116C18B10EE700560658 /* back_btn50.png */ = {isa = PBXFileReference; lastKnownFileType = image.png; path = back_btn50.png; sourceTree = "<group>"; };
		0F71116D18B10EE700560658 /* bot40.png */ = {isa = PBXFileReference; lastKnownFileType = image.png; path = bot40.png; sourceTree = "<group>"; };
		0F71117C18B14B3800560658 /* ingame.mp3 */ = {isa = PBXFileReference; lastKnownFileType = audio.mp3; path = ingame.mp3; sourceTree = "<group>"; };
		0F71117D18B14B3800560658 /* move.mp3 */ = {isa = PBXFileReference; lastKnownFileType = audio.mp3; path = move.mp3; sourceTree = "<group>"; };
		0F71117E18B14B3800560658 /* run.mp3 */ = {isa = PBXFileReference; lastKnownFileType = audio.mp3; path = run.mp3; sourceTree = "<group>"; };
		0F71118218B14C2100560658 /* AudioToolbox.framework */ = {isa = PBXFileReference; lastKnownFileType = wrapper.framework; name = AudioToolbox.framework; path = System/Library/Frameworks/AudioToolbox.framework; sourceTree = SDKROOT; };
		0F71118418B14C2900560658 /* AVFoundation.framework */ = {isa = PBXFileReference; lastKnownFileType = wrapper.framework; name = AVFoundation.framework; path = System/Library/Frameworks/AVFoundation.framework; sourceTree = SDKROOT; };
		0F71118618B14C6200560658 /* SoundController.h */ = {isa = PBXFileReference; fileEncoding = 4; lastKnownFileType = sourcecode.c.h; path = SoundController.h; sourceTree = "<group>"; };
		0F71118718B14C6200560658 /* SoundController.m */ = {isa = PBXFileReference; fileEncoding = 4; lastKnownFileType = sourcecode.c.objc; path = SoundController.m; sourceTree = "<group>"; };
		0F7112E118B2F2BA00560658 /* clap.mp3 */ = {isa = PBXFileReference; lastKnownFileType = audio.mp3; path = clap.mp3; sourceTree = "<group>"; };
		0F7112E318B2F2E300560658 /* down50.png */ = {isa = PBXFileReference; lastKnownFileType = image.png; path = down50.png; sourceTree = "<group>"; };
		0F7112E418B2F2E300560658 /* up50.png */ = {isa = PBXFileReference; lastKnownFileType = image.png; path = up50.png; sourceTree = "<group>"; };
		0F7112E918B2F80200560658 /* popup_instruction.png */ = {isa = PBXFileReference; lastKnownFileType = image.png; path = popup_instruction.png; sourceTree = "<group>"; };
		0F7112EB18B42A5900560658 /* episodeScreen.png */ = {isa = PBXFileReference; lastKnownFileType = image.png; path = episodeScreen.png; sourceTree = "<group>"; };
		0F7112F318B42EE300560658 /* lock.png */ = {isa = PBXFileReference; lastKnownFileType = image.png; path = lock.png; sourceTree = "<group>"; };
		0F71130518B53E9500560658 /* popup_adv_completed.png */ = {isa = PBXFileReference; lastKnownFileType = image.png; path = popup_adv_completed.png; sourceTree = "<group>"; };
		0F71130B18B565D200560658 /* wingame_screen.png */ = {isa = PBXFileReference; lastKnownFileType = image.png; path = wingame_screen.png; sourceTree = "<group>"; };
		0F71131B18B659B700560658 /* icon@57.png */ = {isa = PBXFileReference; lastKnownFileType = image.png; path = "icon@57.png"; sourceTree = "<group>"; };
		0F71131C18B659B700560658 /* icon@114.png */ = {isa = PBXFileReference; lastKnownFileType = image.png; path = "icon@114.png"; sourceTree = "<group>"; };
		0F71131D18B659B700560658 /* icon@120.png */ = {isa = PBXFileReference; lastKnownFileType = image.png; path = "icon@120.png"; sourceTree = "<group>"; };
		0F71132118B65A5F00560658 /* icon@29.png */ = {isa = PBXFileReference; lastKnownFileType = image.png; path = "icon@29.png"; sourceTree = "<group>"; };
		0F71132218B65A5F00560658 /* icon@58.png */ = {isa = PBXFileReference; lastKnownFileType = image.png; path = "icon@58.png"; sourceTree = "<group>"; };
		0F71132318B65A5F00560658 /* icon@80.png */ = {isa = PBXFileReference; lastKnownFileType = image.png; path = "icon@80.png"; sourceTree = "<group>"; };
		0F71132718B65E0000560658 /* SplashScreen.png */ = {isa = PBXFileReference; lastKnownFileType = image.png; path = SplashScreen.png; sourceTree = "<group>"; };
		0FA5F4951897476E0073CF80 /* JSokoban.app */ = {isa = PBXFileReference; explicitFileType = wrapper.application; includeInIndex = 0; path = JSokoban.app; sourceTree = BUILT_PRODUCTS_DIR; };
		0FA5F4981897476E0073CF80 /* Foundation.framework */ = {isa = PBXFileReference; lastKnownFileType = wrapper.framework; name = Foundation.framework; path = System/Library/Frameworks/Foundation.framework; sourceTree = SDKROOT; };
		0FA5F49A1897476E0073CF80 /* CoreGraphics.framework */ = {isa = PBXFileReference; lastKnownFileType = wrapper.framework; name = CoreGraphics.framework; path = System/Library/Frameworks/CoreGraphics.framework; sourceTree = SDKROOT; };
		0FA5F49C1897476E0073CF80 /* UIKit.framework */ = {isa = PBXFileReference; lastKnownFileType = wrapper.framework; name = UIKit.framework; path = System/Library/Frameworks/UIKit.framework; sourceTree = SDKROOT; };
		0FA5F49E1897476E0073CF80 /* SpriteKit.framework */ = {isa = PBXFileReference; lastKnownFileType = wrapper.framework; name = SpriteKit.framework; path = System/Library/Frameworks/SpriteKit.framework; sourceTree = SDKROOT; };
		0FA5F4A21897476E0073CF80 /* JSokoban-Info.plist */ = {isa = PBXFileReference; lastKnownFileType = text.plist.xml; path = "JSokoban-Info.plist"; sourceTree = "<group>"; };
		0FA5F4A41897476E0073CF80 /* en */ = {isa = PBXFileReference; lastKnownFileType = text.plist.strings; name = en; path = en.lproj/InfoPlist.strings; sourceTree = "<group>"; };
		0FA5F4A61897476E0073CF80 /* main.m */ = {isa = PBXFileReference; lastKnownFileType = sourcecode.c.objc; path = main.m; sourceTree = "<group>"; };
		0FA5F4A81897476E0073CF80 /* JSokoban-Prefix.pch */ = {isa = PBXFileReference; lastKnownFileType = sourcecode.c.h; path = "JSokoban-Prefix.pch"; sourceTree = "<group>"; };
		0FA5F4A91897476E0073CF80 /* AppDelegate.h */ = {isa = PBXFileReference; lastKnownFileType = sourcecode.c.h; path = AppDelegate.h; sourceTree = "<group>"; };
		0FA5F4AA1897476E0073CF80 /* AppDelegate.m */ = {isa = PBXFileReference; lastKnownFileType = sourcecode.c.objc; path = AppDelegate.m; sourceTree = "<group>"; };
		0FA5F4AD1897476E0073CF80 /* Base */ = {isa = PBXFileReference; lastKnownFileType = file.storyboard; name = Base; path = Base.lproj/Main.storyboard; sourceTree = "<group>"; };
		0FA5F4AF1897476E0073CF80 /* ViewController.h */ = {isa = PBXFileReference; lastKnownFileType = sourcecode.c.h; path = ViewController.h; sourceTree = "<group>"; };
		0FA5F4B01897476E0073CF80 /* ViewController.m */ = {isa = PBXFileReference; lastKnownFileType = sourcecode.c.objc; path = ViewController.m; sourceTree = "<group>"; };
		0FA5F4B21897476E0073CF80 /* GameScene.h */ = {isa = PBXFileReference; lastKnownFileType = sourcecode.c.h; path = GameScene.h; sourceTree = "<group>"; };
		0FA5F4B31897476E0073CF80 /* GameScene.m */ = {isa = PBXFileReference; lastKnownFileType = sourcecode.c.objc; path = GameScene.m; sourceTree = "<group>"; };
		0FA5F4B71897476E0073CF80 /* Images.xcassets */ = {isa = PBXFileReference; lastKnownFileType = folder.assetcatalog; path = Images.xcassets; sourceTree = "<group>"; };
		0FA5F4BD1897476E0073CF80 /* JSokobanTests.xctest */ = {isa = PBXFileReference; explicitFileType = wrapper.cfbundle; includeInIndex = 0; path = JSokobanTests.xctest; sourceTree = BUILT_PRODUCTS_DIR; };
		0FA5F4BE1897476E0073CF80 /* XCTest.framework */ = {isa = PBXFileReference; lastKnownFileType = wrapper.framework; name = XCTest.framework; path = Library/Frameworks/XCTest.framework; sourceTree = DEVELOPER_DIR; };
		0FA5F4C61897476E0073CF80 /* JSokobanTests-Info.plist */ = {isa = PBXFileReference; lastKnownFileType = text.plist.xml; path = "JSokobanTests-Info.plist"; sourceTree = "<group>"; };
		0FA5F4C81897476E0073CF80 /* en */ = {isa = PBXFileReference; lastKnownFileType = text.plist.strings; name = en; path = en.lproj/InfoPlist.strings; sourceTree = "<group>"; };
		0FA5F4CA1897476E0073CF80 /* JSokobanTests.m */ = {isa = PBXFileReference; lastKnownFileType = sourcecode.c.objc; path = JSokobanTests.m; sourceTree = "<group>"; };
		0FC4481318C3AE7800615BFA /* EpisodeNode.h */ = {isa = PBXFileReference; fileEncoding = 4; lastKnownFileType = sourcecode.c.h; path = EpisodeNode.h; sourceTree = "<group>"; };
		0FC4481418C3AE7800615BFA /* EpisodeNode.m */ = {isa = PBXFileReference; fileEncoding = 4; lastKnownFileType = sourcecode.c.objc; path = EpisodeNode.m; sourceTree = "<group>"; };
		0FFE058318C04401005BA9CA /* FirstScene.h */ = {isa = PBXFileReference; fileEncoding = 4; lastKnownFileType = sourcecode.c.h; path = FirstScene.h; sourceTree = "<group>"; };
		0FFE058418C04401005BA9CA /* FirstScene.m */ = {isa = PBXFileReference; fileEncoding = 4; lastKnownFileType = sourcecode.c.objc; path = FirstScene.m; sourceTree = "<group>"; };
/* End PBXFileReference section */

/* Begin PBXFrameworksBuildPhase section */
		0FA5F4921897476E0073CF80 /* Frameworks */ = {
			isa = PBXFrameworksBuildPhase;
			buildActionMask = 2147483647;
			files = (
				0F71118518B14C2900560658 /* AVFoundation.framework in Frameworks */,
				0F71118318B14C2100560658 /* AudioToolbox.framework in Frameworks */,
				0F0BEA7618A9C94700C672FE /* libsqlite3.dylib in Frameworks */,
				0FA5F49B1897476E0073CF80 /* CoreGraphics.framework in Frameworks */,
				0FA5F49D1897476E0073CF80 /* UIKit.framework in Frameworks */,
				0FA5F49F1897476E0073CF80 /* SpriteKit.framework in Frameworks */,
				0FA5F4991897476E0073CF80 /* Foundation.framework in Frameworks */,
			);
			runOnlyForDeploymentPostprocessing = 0;
		};
		0FA5F4BA1897476E0073CF80 /* Frameworks */ = {
			isa = PBXFrameworksBuildPhase;
			buildActionMask = 2147483647;
			files = (
				0FA5F4BF1897476E0073CF80 /* XCTest.framework in Frameworks */,
				0FA5F4C11897476E0073CF80 /* UIKit.framework in Frameworks */,
				0FA5F4C01897476E0073CF80 /* Foundation.framework in Frameworks */,
			);
			runOnlyForDeploymentPostprocessing = 0;
		};
/* End PBXFrameworksBuildPhase section */

/* Begin PBXGroup section */
		0F0BEA5B18A43AFB00C672FE /* multimedia */ = {
			isa = PBXGroup;
			children = (
				0F71132718B65E0000560658 /* SplashScreen.png */,
				0F71132118B65A5F00560658 /* icon@29.png */,
				0F71132218B65A5F00560658 /* icon@58.png */,
				0F71132318B65A5F00560658 /* icon@80.png */,
				0F71131B18B659B700560658 /* icon@57.png */,
				0F71131C18B659B700560658 /* icon@114.png */,
				0F71131D18B659B700560658 /* icon@120.png */,
				0F71130B18B565D200560658 /* wingame_screen.png */,
				0F71130518B53E9500560658 /* popup_adv_completed.png */,
				0F7112F318B42EE300560658 /* lock.png */,
				0F7112EB18B42A5900560658 /* episodeScreen.png */,
				0F7112E918B2F80200560658 /* popup_instruction.png */,
				0F7112E318B2F2E300560658 /* down50.png */,
				0F7112E418B2F2E300560658 /* up50.png */,
				0F7112E118B2F2BA00560658 /* clap.mp3 */,
				0F71117C18B14B3800560658 /* ingame.mp3 */,
				0F71117D18B14B3800560658 /* move.mp3 */,
				0F71117E18B14B3800560658 /* run.mp3 */,
				0F71116C18B10EE700560658 /* back_btn50.png */,
				0F71116D18B10EE700560658 /* bot40.png */,
				0F71116618B0327B00560658 /* help50.png */,
				0F2F608018AF303800172586 /* popup.png */,
				0F2548CE18AEB1120085C295 /* angrybirds-regular.ttf */,
				0F25F71318AD714000E83745 /* menu_btn50.png */,
				0F25F71418AD714000E83745 /* next_btn50.png */,
				0F25F71518AD714000E83745 /* radiooff_btn50.png */,
				0F25F71618AD714000E83745 /* radioon_btn50.png */,
				0F25F71718AD714000E83745 /* restart_btn50.png */,
				0F25F71118AD6CED00E83745 /* menu.png */,
				0F25F70C18AD408A00E83745 /* pause50.png */,
				0F2807B418ABEFCF00DB42CC /* canMove40.png */,
				0F2807B518ABEFCF00DB42CC /* cannotMove40.png */,
				0F2807A618AACC5100DB42CC /* box40.png */,
				0F2807A218AACB5500DB42CC /* spot40.png */,
				0F28079E18AAC79500DB42CC /* block40.png */,
				0F28079818AAC2EB00DB42CC /* screen.png */,
			);
			name = multimedia;
			sourceTree = "<group>";
		};
		0F0BEA7418A9C90900C672FE /* FMDB */ = {
			isa = PBXGroup;
			children = (
				0F0BEA6518A9C8F900C672FE /* FMDatabase.h */,
				0F0BEA6618A9C8F900C672FE /* FMDatabase.m */,
				0F0BEA6D18A9C8F900C672FE /* FMResultSet.h */,
				0F0BEA6E18A9C8F900C672FE /* FMResultSet.m */,
			);
			name = FMDB;
			sourceTree = "<group>";
		};
		0F2548C118AE8B1F0085C295 /* Entity */ = {
			isa = PBXGroup;
			children = (
				0F2548C218AE8B380085C295 /* LevelDetailItem.h */,
				0F2548C318AE8B380085C295 /* LevelDetailItem.m */,
				0F2548D018AEB5030085C295 /* EpisodeItem.h */,
				0F2548D118AEB5030085C295 /* EpisodeItem.m */,
			);
			name = Entity;
			sourceTree = "<group>";
		};
		0FA5F48C1897476E0073CF80 = {
			isa = PBXGroup;
			children = (
				0FA5F4A01897476E0073CF80 /* JSokoban */,
				0FA5F4C41897476E0073CF80 /* JSokobanTests */,
				0FA5F4971897476E0073CF80 /* Frameworks */,
				0FA5F4961897476E0073CF80 /* Products */,
			);
			sourceTree = "<group>";
		};
		0FA5F4961897476E0073CF80 /* Products */ = {
			isa = PBXGroup;
			children = (
				0FA5F4951897476E0073CF80 /* JSokoban.app */,
				0FA5F4BD1897476E0073CF80 /* JSokobanTests.xctest */,
			);
			name = Products;
			sourceTree = "<group>";
		};
		0FA5F4971897476E0073CF80 /* Frameworks */ = {
			isa = PBXGroup;
			children = (
				0F71118418B14C2900560658 /* AVFoundation.framework */,
				0F71118218B14C2100560658 /* AudioToolbox.framework */,
				0F0BEA7518A9C94700C672FE /* libsqlite3.dylib */,
				0FA5F4981897476E0073CF80 /* Foundation.framework */,
				0FA5F49A1897476E0073CF80 /* CoreGraphics.framework */,
				0FA5F49C1897476E0073CF80 /* UIKit.framework */,
				0FA5F49E1897476E0073CF80 /* SpriteKit.framework */,
				0FA5F4BE1897476E0073CF80 /* XCTest.framework */,
			);
			name = Frameworks;
			sourceTree = "<group>";
		};
		0FA5F4A01897476E0073CF80 /* JSokoban */ = {
			isa = PBXGroup;
			children = (
				0FFE058318C04401005BA9CA /* FirstScene.h */,
				0FFE058418C04401005BA9CA /* FirstScene.m */,
				0F16C02318BA8470005A6F8D /* sodokuDB.sqlite */,
				0F2548C118AE8B1F0085C295 /* Entity */,
				0F0BEA7418A9C90900C672FE /* FMDB */,
				0F0BEA5B18A43AFB00C672FE /* multimedia */,
				0F0BEA4E18A43A4C00C672FE /* GameLogic.h */,
				0F0BEA4F18A43A4C00C672FE /* GameLogic.m */,
				0FA5F4A91897476E0073CF80 /* AppDelegate.h */,
				0FA5F4AA1897476E0073CF80 /* AppDelegate.m */,
				0FA5F4AC1897476E0073CF80 /* Main.storyboard */,
				0FA5F4AF1897476E0073CF80 /* ViewController.h */,
				0FA5F4B01897476E0073CF80 /* ViewController.m */,
				0FA5F4B21897476E0073CF80 /* GameScene.h */,
				0FA5F4B31897476E0073CF80 /* GameScene.m */,
				0FA5F4B71897476E0073CF80 /* Images.xcassets */,
				0FA5F4A11897476E0073CF80 /* Supporting Files */,
				0F0BEA5C18A53A4500C672FE /* PathFinder.h */,
				0F0BEA5D18A53A4500C672FE /* PathFinder.m */,
				0F0BEA7718A9CB2300C672FE /* DataAccess.h */,
				0F0BEA7818A9CB2300C672FE /* DataAccess.m */,
				0F2807BB18AC805C00DB42CC /* App.plist */,
				0F25F70E18AD411700E83745 /* MenuNode.h */,
				0F25F70F18AD411700E83745 /* MenuNode.m */,
				0F2548C718AEAB5F0085C295 /* EpisodeScene.h */,
				0F2548C818AEAB5F0085C295 /* EpisodeScene.m */,
				0F71118618B14C6200560658 /* SoundController.h */,
				0F71118718B14C6200560658 /* SoundController.m */,
				0FC4481318C3AE7800615BFA /* EpisodeNode.h */,
				0FC4481418C3AE7800615BFA /* EpisodeNode.m */,
				0F02E00118D28C3B00F22645 /* GameCenter.h */,
				0F02E00218D28C3B00F22645 /* GameCenter.m */,
			);
			path = JSokoban;
			sourceTree = "<group>";
		};
		0FA5F4A11897476E0073CF80 /* Supporting Files */ = {
			isa = PBXGroup;
			children = (
				0FA5F4A21897476E0073CF80 /* JSokoban-Info.plist */,
				0FA5F4A31897476E0073CF80 /* InfoPlist.strings */,
				0FA5F4A61897476E0073CF80 /* main.m */,
				0FA5F4A81897476E0073CF80 /* JSokoban-Prefix.pch */,
			);
			name = "Supporting Files";
			sourceTree = "<group>";
		};
		0FA5F4C41897476E0073CF80 /* JSokobanTests */ = {
			isa = PBXGroup;
			children = (
				0FA5F4CA1897476E0073CF80 /* JSokobanTests.m */,
				0FA5F4C51897476E0073CF80 /* Supporting Files */,
			);
			path = JSokobanTests;
			sourceTree = "<group>";
		};
		0FA5F4C51897476E0073CF80 /* Supporting Files */ = {
			isa = PBXGroup;
			children = (
				0FA5F4C61897476E0073CF80 /* JSokobanTests-Info.plist */,
				0FA5F4C71897476E0073CF80 /* InfoPlist.strings */,
			);
			name = "Supporting Files";
			sourceTree = "<group>";
		};
/* End PBXGroup section */

/* Begin PBXNativeTarget section */
		0FA5F4941897476E0073CF80 /* JSokoban */ = {
			isa = PBXNativeTarget;
			buildConfigurationList = 0FA5F4CE1897476E0073CF80 /* Build configuration list for PBXNativeTarget "JSokoban" */;
			buildPhases = (
				0FA5F4911897476E0073CF80 /* Sources */,
				0FA5F4921897476E0073CF80 /* Frameworks */,
				0FA5F4931897476E0073CF80 /* Resources */,
			);
			buildRules = (
			);
			dependencies = (
			);
			name = JSokoban;
			productName = JSokoban;
			productReference = 0FA5F4951897476E0073CF80 /* JSokoban.app */;
			productType = "com.apple.product-type.application";
		};
		0FA5F4BC1897476E0073CF80 /* JSokobanTests */ = {
			isa = PBXNativeTarget;
			buildConfigurationList = 0FA5F4D11897476E0073CF80 /* Build configuration list for PBXNativeTarget "JSokobanTests" */;
			buildPhases = (
				0FA5F4B91897476E0073CF80 /* Sources */,
				0FA5F4BA1897476E0073CF80 /* Frameworks */,
				0FA5F4BB1897476E0073CF80 /* Resources */,
			);
			buildRules = (
			);
			dependencies = (
				0FA5F4C31897476E0073CF80 /* PBXTargetDependency */,
			);
			name = JSokobanTests;
			productName = JSokobanTests;
			productReference = 0FA5F4BD1897476E0073CF80 /* JSokobanTests.xctest */;
			productType = "com.apple.product-type.bundle.unit-test";
		};
/* End PBXNativeTarget section */

/* Begin PBXProject section */
		0FA5F48D1897476E0073CF80 /* Project object */ = {
			isa = PBXProject;
			attributes = {
				LastUpgradeCheck = 0500;
				ORGANIZATIONNAME = Jerry;
				TargetAttributes = {
					0FA5F4941897476E0073CF80 = {
						DevelopmentTeam = 6VRWVC6SHA;
					};
					0FA5F4BC1897476E0073CF80 = {
						TestTargetID = 0FA5F4941897476E0073CF80;
					};
				};
			};
			buildConfigurationList = 0FA5F4901897476E0073CF80 /* Build configuration list for PBXProject "JSokoban" */;
			compatibilityVersion = "Xcode 3.2";
			developmentRegion = English;
			hasScannedForEncodings = 0;
			knownRegions = (
				en,
				Base,
			);
			mainGroup = 0FA5F48C1897476E0073CF80;
			productRefGroup = 0FA5F4961897476E0073CF80 /* Products */;
			projectDirPath = "";
			projectRoot = "";
			targets = (
				0FA5F4941897476E0073CF80 /* JSokoban */,
				0FA5F4BC1897476E0073CF80 /* JSokobanTests */,
			);
		};
/* End PBXProject section */

/* Begin PBXResourcesBuildPhase section */
		0FA5F4931897476E0073CF80 /* Resources */ = {
			isa = PBXResourcesBuildPhase;
			buildActionMask = 2147483647;
			files = (
				0F71132018B659B700560658 /* icon@120.png in Resources */,
				0F71131F18B659B700560658 /* icon@114.png in Resources */,
				0F71132418B65A5F00560658 /* icon@29.png in Resources */,
				0F7112E518B2F2E300560658 /* down50.png in Resources */,
				0FA5F4A51897476E0073CF80 /* InfoPlist.strings in Resources */,
				0F2807B718ABEFCF00DB42CC /* cannotMove40.png in Resources */,
				0F7112EA18B2F80200560658 /* popup_instruction.png in Resources */,
				0F71116F18B10EE700560658 /* back_btn50.png in Resources */,
				0F7112F418B42EE300560658 /* lock.png in Resources */,
				0F7112E618B2F2E300560658 /* up50.png in Resources */,
				0F25F71A18AD714000E83745 /* radiooff_btn50.png in Resources */,
				0F2807BC18AC805C00DB42CC /* App.plist in Resources */,
				0F7112EC18B42A5900560658 /* episodeScreen.png in Resources */,
				0F7112E218B2F2BA00560658 /* clap.mp3 in Resources */,
				0F71130C18B565D200560658 /* wingame_screen.png in Resources */,
				0F2807B618ABEFCF00DB42CC /* canMove40.png in Resources */,
				0F71118118B14B3800560658 /* run.mp3 in Resources */,
				0F71132518B65A5F00560658 /* icon@58.png in Resources */,
				0F2548CF18AEB1120085C295 /* angrybirds-regular.ttf in Resources */,
				0F71118018B14B3800560658 /* move.mp3 in Resources */,
				0FA5F4B81897476E0073CF80 /* Images.xcassets in Resources */,
				0F71130618B53E9500560658 /* popup_adv_completed.png in Resources */,
				0F71117018B10EE700560658 /* bot40.png in Resources */,
				0F2F608118AF303800172586 /* popup.png in Resources */,
				0F71117F18B14B3800560658 /* ingame.mp3 in Resources */,
				0FA5F4AE1897476E0073CF80 /* Main.storyboard in Resources */,
				0F25F70D18AD408A00E83745 /* pause50.png in Resources */,
				0F71132818B65E0000560658 /* SplashScreen.png in Resources */,
				0F71116718B0327B00560658 /* help50.png in Resources */,
				0F2807A718AACC5100DB42CC /* box40.png in Resources */,
				0F16C02418BA8470005A6F8D /* sodokuDB.sqlite in Resources */,
				0F28079F18AAC79500DB42CC /* block40.png in Resources */,
				0F25F71918AD714000E83745 /* next_btn50.png in Resources */,
				0F25F71C18AD714000E83745 /* restart_btn50.png in Resources */,
				0F71131E18B659B700560658 /* icon@57.png in Resources */,
				0F71132618B65A5F00560658 /* icon@80.png in Resources */,
				0F2807BA18AC7EC100DB42CC /* JSokoban-Info.plist in Resources */,
				0F25F71B18AD714000E83745 /* radioon_btn50.png in Resources */,
				0F25F71218AD6CED00E83745 /* menu.png in Resources */,
				0F2807A318AACB5500DB42CC /* spot40.png in Resources */,
				0F28079918AAC2EB00DB42CC /* screen.png in Resources */,
				0F25F71818AD714000E83745 /* menu_btn50.png in Resources */,
			);
			runOnlyForDeploymentPostprocessing = 0;
		};
		0FA5F4BB1897476E0073CF80 /* Resources */ = {
			isa = PBXResourcesBuildPhase;
			buildActionMask = 2147483647;
			files = (
				0FA5F4C91897476E0073CF80 /* InfoPlist.strings in Resources */,
			);
			runOnlyForDeploymentPostprocessing = 0;
		};
/* End PBXResourcesBuildPhase section */

/* Begin PBXSourcesBuildPhase section */
		0FA5F4911897476E0073CF80 /* Sources */ = {
			isa = PBXSourcesBuildPhase;
			buildActionMask = 2147483647;
			files = (
				0F2548D218AEB5030085C295 /* EpisodeItem.m in Sources */,
				0FA5F4B41897476E0073CF80 /* GameScene.m in Sources */,
				0F2548C918AEAB5F0085C295 /* EpisodeScene.m in Sources */,
				0FA5F4B11897476E0073CF80 /* ViewController.m in Sources */,
				0FFE058518C04401005BA9CA /* FirstScene.m in Sources */,
				0F71118818B14C6200560658 /* SoundController.m in Sources */,
				0F2548C418AE8B380085C295 /* LevelDetailItem.m in Sources */,
				0FC4481518C3AE7800615BFA /* EpisodeNode.m in Sources */,
				0F0BEA5018A43A4C00C672FE /* GameLogic.m in Sources */,
				0F0BEA7918A9CB2400C672FE /* DataAccess.m in Sources */,
				0F02E00318D28C3B00F22645 /* GameCenter.m in Sources */,
				0F0BEA6F18A9C8F900C672FE /* FMDatabase.m in Sources */,
				0FA5F4AB1897476E0073CF80 /* AppDelegate.m in Sources */,
				0F0BEA5E18A53A4500C672FE /* PathFinder.m in Sources */,
				0F25F71018AD411700E83745 /* MenuNode.m in Sources */,
				0F0BEA7318A9C8F900C672FE /* FMResultSet.m in Sources */,
				0FA5F4A71897476E0073CF80 /* main.m in Sources */,
			);
			runOnlyForDeploymentPostprocessing = 0;
		};
		0FA5F4B91897476E0073CF80 /* Sources */ = {
			isa = PBXSourcesBuildPhase;
			buildActionMask = 2147483647;
			files = (
				0FA5F4CB1897476E0073CF80 /* JSokobanTests.m in Sources */,
			);
			runOnlyForDeploymentPostprocessing = 0;
		};
/* End PBXSourcesBuildPhase section */

/* Begin PBXTargetDependency section */
		0FA5F4C31897476E0073CF80 /* PBXTargetDependency */ = {
			isa = PBXTargetDependency;
			target = 0FA5F4941897476E0073CF80 /* JSokoban */;
			targetProxy = 0FA5F4C21897476E0073CF80 /* PBXContainerItemProxy */;
		};
/* End PBXTargetDependency section */

/* Begin PBXVariantGroup section */
		0FA5F4A31897476E0073CF80 /* InfoPlist.strings */ = {
			isa = PBXVariantGroup;
			children = (
				0FA5F4A41897476E0073CF80 /* en */,
			);
			name = InfoPlist.strings;
			sourceTree = "<group>";
		};
		0FA5F4AC1897476E0073CF80 /* Main.storyboard */ = {
			isa = PBXVariantGroup;
			children = (
				0FA5F4AD1897476E0073CF80 /* Base */,
			);
			name = Main.storyboard;
			sourceTree = "<group>";
		};
		0FA5F4C71897476E0073CF80 /* InfoPlist.strings */ = {
			isa = PBXVariantGroup;
			children = (
				0FA5F4C81897476E0073CF80 /* en */,
			);
			name = InfoPlist.strings;
			sourceTree = "<group>";
		};
/* End PBXVariantGroup section */

/* Begin XCBuildConfiguration section */
		0FA5F4CC1897476E0073CF80 /* Debug */ = {
			isa = XCBuildConfiguration;
			buildSettings = {
				ALWAYS_SEARCH_USER_PATHS = NO;
				ARCHS = "$(ARCHS_STANDARD_INCLUDING_64_BIT)";
				CLANG_CXX_LANGUAGE_STANDARD = "gnu++0x";
				CLANG_CXX_LIBRARY = "libc++";
				CLANG_ENABLE_MODULES = YES;
				CLANG_ENABLE_OBJC_ARC = YES;
				CLANG_WARN_BOOL_CONVERSION = YES;
				CLANG_WARN_CONSTANT_CONVERSION = YES;
				CLANG_WARN_DIRECT_OBJC_ISA_USAGE = YES_ERROR;
				CLANG_WARN_EMPTY_BODY = YES;
				CLANG_WARN_ENUM_CONVERSION = YES;
				CLANG_WARN_INT_CONVERSION = YES;
				CLANG_WARN_OBJC_ROOT_CLASS = YES_ERROR;
				CLANG_WARN__DUPLICATE_METHOD_MATCH = YES;
				"CODE_SIGN_IDENTITY[sdk=iphoneos*]" = "iPhone Developer";
				COPY_PHASE_STRIP = NO;
				GCC_C_LANGUAGE_STANDARD = gnu99;
				GCC_DYNAMIC_NO_PIC = NO;
				GCC_OPTIMIZATION_LEVEL = 0;
				GCC_PREPROCESSOR_DEFINITIONS = (
					"DEBUG=1",
					"$(inherited)",
				);
				GCC_SYMBOLS_PRIVATE_EXTERN = NO;
				GCC_WARN_64_TO_32_BIT_CONVERSION = YES;
				GCC_WARN_ABOUT_RETURN_TYPE = YES_ERROR;
				GCC_WARN_UNDECLARED_SELECTOR = YES;
				GCC_WARN_UNINITIALIZED_AUTOS = YES;
				GCC_WARN_UNUSED_FUNCTION = YES;
				GCC_WARN_UNUSED_VARIABLE = YES;
				IPHONEOS_DEPLOYMENT_TARGET = 7.0;
				ONLY_ACTIVE_ARCH = YES;
				SDKROOT = iphoneos;
			};
			name = Debug;
		};
		0FA5F4CD1897476E0073CF80 /* Release */ = {
			isa = XCBuildConfiguration;
			buildSettings = {
				ALWAYS_SEARCH_USER_PATHS = NO;
				ARCHS = "$(ARCHS_STANDARD_INCLUDING_64_BIT)";
				CLANG_CXX_LANGUAGE_STANDARD = "gnu++0x";
				CLANG_CXX_LIBRARY = "libc++";
				CLANG_ENABLE_MODULES = YES;
				CLANG_ENABLE_OBJC_ARC = YES;
				CLANG_WARN_BOOL_CONVERSION = YES;
				CLANG_WARN_CONSTANT_CONVERSION = YES;
				CLANG_WARN_DIRECT_OBJC_ISA_USAGE = YES_ERROR;
				CLANG_WARN_EMPTY_BODY = YES;
				CLANG_WARN_ENUM_CONVERSION = YES;
				CLANG_WARN_INT_CONVERSION = YES;
				CLANG_WARN_OBJC_ROOT_CLASS = YES_ERROR;
				CLANG_WARN__DUPLICATE_METHOD_MATCH = YES;
				"CODE_SIGN_IDENTITY[sdk=iphoneos*]" = "iPhone Developer";
				COPY_PHASE_STRIP = YES;
				ENABLE_NS_ASSERTIONS = NO;
				GCC_C_LANGUAGE_STANDARD = gnu99;
				GCC_WARN_64_TO_32_BIT_CONVERSION = YES;
				GCC_WARN_ABOUT_RETURN_TYPE = YES_ERROR;
				GCC_WARN_UNDECLARED_SELECTOR = YES;
				GCC_WARN_UNINITIALIZED_AUTOS = YES;
				GCC_WARN_UNUSED_FUNCTION = YES;
				GCC_WARN_UNUSED_VARIABLE = YES;
				IPHONEOS_DEPLOYMENT_TARGET = 7.0;
				SDKROOT = iphoneos;
				VALIDATE_PRODUCT = YES;
			};
			name = Release;
		};
		0FA5F4CF1897476E0073CF80 /* Debug */ = {
			isa = XCBuildConfiguration;
			buildSettings = {
				ASSETCATALOG_COMPILER_LAUNCHIMAGE_NAME = LaunchImage;
				CODE_SIGN_IDENTITY = "iPhone Developer";
				GCC_PRECOMPILE_PREFIX_HEADER = YES;
				GCC_PREFIX_HEADER = "JSokoban/JSokoban-Prefix.pch";
				INFOPLIST_FILE = "JSokoban/JSokoban-Info.plist";
				IPHONEOS_DEPLOYMENT_TARGET = 7.0;
				PRODUCT_NAME = "$(TARGET_NAME)";
				SPRITEKIT_TEXTURE_ATLAS_OUTPUT = YES;
				TARGETED_DEVICE_FAMILY = 1;
				WRAPPER_EXTENSION = app;
			};
			name = Debug;
		};
		0FA5F4D01897476E0073CF80 /* Release */ = {
			isa = XCBuildConfiguration;
			buildSettings = {
				ASSETCATALOG_COMPILER_LAUNCHIMAGE_NAME = LaunchImage;
				CODE_SIGN_IDENTITY = "iPhone Developer";
				GCC_PRECOMPILE_PREFIX_HEADER = YES;
				GCC_PREFIX_HEADER = "JSokoban/JSokoban-Prefix.pch";
				INFOPLIST_FILE = "JSokoban/JSokoban-Info.plist";
				IPHONEOS_DEPLOYMENT_TARGET = 7.0;
				PRODUCT_NAME = "$(TARGET_NAME)";
				SPRITEKIT_TEXTURE_ATLAS_OUTPUT = YES;
				TARGETED_DEVICE_FAMILY = 1;
				WRAPPER_EXTENSION = app;
			};
			name = Release;
		};
		0FA5F4D21897476E0073CF80 /* Debug */ = {
			isa = XCBuildConfiguration;
			buildSettings = {
				ARCHS = "$(ARCHS_STANDARD_INCLUDING_64_BIT)";
				BUNDLE_LOADER = "$(BUILT_PRODUCTS_DIR)/JSokoban.app/JSokoban";
				FRAMEWORK_SEARCH_PATHS = (
					"$(SDKROOT)/Developer/Library/Frameworks",
					"$(inherited)",
					"$(DEVELOPER_FRAMEWORKS_DIR)",
				);
				GCC_PRECOMPILE_PREFIX_HEADER = YES;
				GCC_PREFIX_HEADER = "JSokoban/JSokoban-Prefix.pch";
				GCC_PREPROCESSOR_DEFINITIONS = (
					"DEBUG=1",
					"$(inherited)",
				);
				INFOPLIST_FILE = "JSokobanTests/JSokobanTests-Info.plist";
				PRODUCT_NAME = "$(TARGET_NAME)";
				TEST_HOST = "$(BUNDLE_LOADER)";
				WRAPPER_EXTENSION = xctest;
			};
			name = Debug;
		};
		0FA5F4D31897476E0073CF80 /* Release */ = {
			isa = XCBuildConfiguration;
			buildSettings = {
				ARCHS = "$(ARCHS_STANDARD_INCLUDING_64_BIT)";
				BUNDLE_LOADER = "$(BUILT_PRODUCTS_DIR)/JSokoban.app/JSokoban";
				FRAMEWORK_SEARCH_PATHS = (
					"$(SDKROOT)/Developer/Library/Frameworks",
					"$(inherited)",
					"$(DEVELOPER_FRAMEWORKS_DIR)",
				);
				GCC_PRECOMPILE_PREFIX_HEADER = YES;
				GCC_PREFIX_HEADER = "JSokoban/JSokoban-Prefix.pch";
				INFOPLIST_FILE = "JSokobanTests/JSokobanTests-Info.plist";
				PRODUCT_NAME = "$(TARGET_NAME)";
				TEST_HOST = "$(BUNDLE_LOADER)";
				WRAPPER_EXTENSION = xctest;
			};
			name = Release;
		};
/* End XCBuildConfiguration section */

/* Begin XCConfigurationList section */
		0FA5F4901897476E0073CF80 /* Build configuration list for PBXProject "JSokoban" */ = {
			isa = XCConfigurationList;
			buildConfigurations = (
				0FA5F4CC1897476E0073CF80 /* Debug */,
				0FA5F4CD1897476E0073CF80 /* Release */,
			);
			defaultConfigurationIsVisible = 0;
			defaultConfigurationName = Release;
		};
		0FA5F4CE1897476E0073CF80 /* Build configuration list for PBXNativeTarget "JSokoban" */ = {
			isa = XCConfigurationList;
			buildConfigurations = (
				0FA5F4CF1897476E0073CF80 /* Debug */,
				0FA5F4D01897476E0073CF80 /* Release */,
			);
			defaultConfigurationIsVisible = 0;
			defaultConfigurationName = Release;
		};
		0FA5F4D11897476E0073CF80 /* Build configuration list for PBXNativeTarget "JSokobanTests" */ = {
			isa = XCConfigurationList;
			buildConfigurations = (
				0FA5F4D21897476E0073CF80 /* Debug */,
				0FA5F4D31897476E0073CF80 /* Release */,
			);
			defaultConfigurationIsVisible = 0;
			defaultConfigurationName = Release;
		};
/* End XCConfigurationList section */
	};
	rootObject = 0FA5F48D1897476E0073CF80 /* Project object */;
}
